
Microsoft Visual Studio Solution File, Format Version 12.00
Project("{FAE04EC0-301F-11D3-BF4B-00C04F79EFBC}") = "SharpDataStructures", "SharpDataStructures\SharpDataStructures.csproj", "{0B94161A-AB63-4CB9-AAEF-DFAF67761368}"
EndProject
Project("{FAE04EC0-301F-11D3-BF4B-00C04F79EFBC}") = "DataStructuresTest", "DataStructuresTest\DataStructuresTest.csproj", "{1E3CBB42-0B2C-49CF-B89F-A89E49A9888A}"
EndProject
Global
	GlobalSection(SolutionConfigurationPlatforms) = preSolution
		Debug|Any CPU = Debug|Any CPU
		Release|Any CPU = Release|Any CPU
	EndGlobalSection
	GlobalSection(ProjectConfigurationPlatforms) = postSolution
		{0B94161A-AB63-4CB9-AAEF-DFAF67761368}.Debug|Any CPU.ActiveCfg = Debug|Any CPU
		{0B94161A-AB63-4CB9-AAEF-DFAF67761368}.Debug|Any CPU.Build.0 = Debug|Any CPU
		{0B94161A-AB63-4CB9-AAEF-DFAF67761368}.Release|Any CPU.ActiveCfg = Release|Any CPU
		{0B94161A-AB63-4CB9-AAEF-DFAF67761368}.Release|Any CPU.Build.0 = Release|Any CPU
		{1E3CBB42-0B2C-49CF-B89F-A89E49A9888A}.Debug|Any CPU.ActiveCfg = Debug|Any CPU
		{1E3CBB42-0B2C-49CF-B89F-A89E49A9888A}.Debug|Any CPU.Build.0 = Debug|Any CPU
		{1E3CBB42-0B2C-49CF-B89F-A89E49A9888A}.Release|Any CPU.ActiveCfg = Release|Any CPU
		{1E3CBB42-0B2C-49CF-B89F-A89E49A9888A}.Release|Any CPU.Build.0 = Release|Any CPU
	EndGlobalSection
EndGlobal
